// !$*UTF8*$!
{
	archiveVersion = 1;
	classes = {
	};
	objectVersion = 55;
	objects = {

/* Begin PBXBuildFile section */
		79043C0C271F27B400A03D99 /* FRButton.swift in Sources */ = {isa = PBXBuildFile; fileRef = 79043C0B271F27B400A03D99 /* FRButton.swift */; };
		79043C10271F298300A03D99 /* FRAlertContainerView.swift in Sources */ = {isa = PBXBuildFile; fileRef = 79043C0F271F298300A03D99 /* FRAlertContainerView.swift */; };
		790B1993271E2AED00A42BD0 /* CategoryCell.swift in Sources */ = {isa = PBXBuildFile; fileRef = 790B1992271E2AED00A42BD0 /* CategoryCell.swift */; };
		790B1996271E2CF500A42BD0 /* FRMealImageView.swift in Sources */ = {isa = PBXBuildFile; fileRef = 790B1995271E2CF500A42BD0 /* FRMealImageView.swift */; };
		790B1998271E300200A42BD0 /* UITableView+Ext.swift in Sources */ = {isa = PBXBuildFile; fileRef = 790B1997271E300200A42BD0 /* UITableView+Ext.swift */; };
		790B199A271E39C000A42BD0 /* UIView+Ext.swift in Sources */ = {isa = PBXBuildFile; fileRef = 790B1999271E39BF00A42BD0 /* UIView+Ext.swift */; };
		790B199D271E45FA00A42BD0 /* Meal.swift in Sources */ = {isa = PBXBuildFile; fileRef = 790B199C271E45FA00A42BD0 /* Meal.swift */; };
		790B199F271E460200A42BD0 /* Ingredient.swift in Sources */ = {isa = PBXBuildFile; fileRef = 790B199E271E460200A42BD0 /* Ingredient.swift */; };
		790B19A1271E4A3600A42BD0 /* MealListVC.swift in Sources */ = {isa = PBXBuildFile; fileRef = 790B19A0271E4A3600A42BD0 /* MealListVC.swift */; };
		790B19A3271E526600A42BD0 /* MealCell.swift in Sources */ = {isa = PBXBuildFile; fileRef = 790B19A2271E526600A42BD0 /* MealCell.swift */; };
		790B19A5271E672800A42BD0 /* MealSerializationTest.swift in Sources */ = {isa = PBXBuildFile; fileRef = 790B19A4271E672800A42BD0 /* MealSerializationTest.swift */; };
		790B19A8271E941400A42BD0 /* Assets.xcassets in Resources */ = {isa = PBXBuildFile; fileRef = 79DFC94F271DF79600EA3F0C /* Assets.xcassets */; };
		798D127E271F545900AFB649 /* MealDetailVC.swift in Sources */ = {isa = PBXBuildFile; fileRef = 798D127D271F545900AFB649 /* MealDetailVC.swift */; };
		798D1280271F55ED00AFB649 /* IngredientCell.swift in Sources */ = {isa = PBXBuildFile; fileRef = 798D127F271F55ED00AFB649 /* IngredientCell.swift */; };
		79D53BE5271F2A0D008C5C4F /* FRAlertVC.swift in Sources */ = {isa = PBXBuildFile; fileRef = 79D53BE4271F2A0D008C5C4F /* FRAlertVC.swift */; };
		79D53BE7271F2E75008C5C4F /* AlertTest.swift in Sources */ = {isa = PBXBuildFile; fileRef = 79D53BE6271F2E75008C5C4F /* AlertTest.swift */; };
		79D53BE9271F3516008C5C4F /* UIViewController + Ext.swift in Sources */ = {isa = PBXBuildFile; fileRef = 79D53BE8271F3516008C5C4F /* UIViewController + Ext.swift */; };
		79D53BEC271F3A51008C5C4F /* FRActivityIndicatorVC.swift in Sources */ = {isa = PBXBuildFile; fileRef = 79D53BEB271F3A51008C5C4F /* FRActivityIndicatorVC.swift */; };
		79DFC947271DF79400EA3F0C /* AppDelegate.swift in Sources */ = {isa = PBXBuildFile; fileRef = 79DFC946271DF79400EA3F0C /* AppDelegate.swift */; };
		79DFC949271DF79400EA3F0C /* SceneDelegate.swift in Sources */ = {isa = PBXBuildFile; fileRef = 79DFC948271DF79400EA3F0C /* SceneDelegate.swift */; };
		79DFC953271DF79600EA3F0C /* LaunchScreen.storyboard in Resources */ = {isa = PBXBuildFile; fileRef = 79DFC951271DF79600EA3F0C /* LaunchScreen.storyboard */; };
		79DFC960271DFBB000EA3F0C /* FRTabBarController.swift in Sources */ = {isa = PBXBuildFile; fileRef = 79DFC95F271DFBB000EA3F0C /* FRTabBarController.swift */; };
		79DFC963271DFC5F00EA3F0C /* CategoriesListVC.swift in Sources */ = {isa = PBXBuildFile; fileRef = 79DFC962271DFC5F00EA3F0C /* CategoriesListVC.swift */; };
		79DFC965271DFC8800EA3F0C /* FavoritesListVC.swift in Sources */ = {isa = PBXBuildFile; fileRef = 79DFC964271DFC8800EA3F0C /* FavoritesListVC.swift */; };
		79DFC967271DFE7000EA3F0C /* Category.swift in Sources */ = {isa = PBXBuildFile; fileRef = 79DFC966271DFE7000EA3F0C /* Category.swift */; };
		79DFC96A271E119E00EA3F0C /* NetworkManager.swift in Sources */ = {isa = PBXBuildFile; fileRef = 79DFC969271E119E00EA3F0C /* NetworkManager.swift */; };
		79DFC96E271E12F900EA3F0C /* FRTitleLabel.swift in Sources */ = {isa = PBXBuildFile; fileRef = 79DFC96D271E12F900EA3F0C /* FRTitleLabel.swift */; };
		79DFC971271E13FE00EA3F0C /* FRBodyLabel.swift in Sources */ = {isa = PBXBuildFile; fileRef = 79DFC970271E13FE00EA3F0C /* FRBodyLabel.swift */; };
		79DFC974271E1E9500EA3F0C /* FRError.swift in Sources */ = {isa = PBXBuildFile; fileRef = 79DFC973271E1E9500EA3F0C /* FRError.swift */; };
/* End PBXBuildFile section */

/* Begin PBXFileReference section */
		79043C0B271F27B400A03D99 /* FRButton.swift */ = {isa = PBXFileReference; lastKnownFileType = sourcecode.swift; path = FRButton.swift; sourceTree = "<group>"; };
		79043C0F271F298300A03D99 /* FRAlertContainerView.swift */ = {isa = PBXFileReference; lastKnownFileType = sourcecode.swift; path = FRAlertContainerView.swift; sourceTree = "<group>"; };
		790B1992271E2AED00A42BD0 /* CategoryCell.swift */ = {isa = PBXFileReference; lastKnownFileType = sourcecode.swift; path = CategoryCell.swift; sourceTree = "<group>"; };
		790B1995271E2CF500A42BD0 /* FRMealImageView.swift */ = {isa = PBXFileReference; lastKnownFileType = sourcecode.swift; path = FRMealImageView.swift; sourceTree = "<group>"; };
		790B1997271E300200A42BD0 /* UITableView+Ext.swift */ = {isa = PBXFileReference; lastKnownFileType = sourcecode.swift; path = "UITableView+Ext.swift"; sourceTree = "<group>"; };
		790B1999271E39BF00A42BD0 /* UIView+Ext.swift */ = {isa = PBXFileReference; lastKnownFileType = sourcecode.swift; path = "UIView+Ext.swift"; sourceTree = "<group>"; };
		790B199C271E45FA00A42BD0 /* Meal.swift */ = {isa = PBXFileReference; lastKnownFileType = sourcecode.swift; path = Meal.swift; sourceTree = "<group>"; };
		790B199E271E460200A42BD0 /* Ingredient.swift */ = {isa = PBXFileReference; lastKnownFileType = sourcecode.swift; path = Ingredient.swift; sourceTree = "<group>"; };
		790B19A0271E4A3600A42BD0 /* MealListVC.swift */ = {isa = PBXFileReference; lastKnownFileType = sourcecode.swift; path = MealListVC.swift; sourceTree = "<group>"; };
		790B19A2271E526600A42BD0 /* MealCell.swift */ = {isa = PBXFileReference; lastKnownFileType = sourcecode.swift; path = MealCell.swift; sourceTree = "<group>"; };
		790B19A4271E672800A42BD0 /* MealSerializationTest.swift */ = {isa = PBXFileReference; lastKnownFileType = sourcecode.swift; path = MealSerializationTest.swift; sourceTree = "<group>"; };
		798D127D271F545900AFB649 /* MealDetailVC.swift */ = {isa = PBXFileReference; lastKnownFileType = sourcecode.swift; path = MealDetailVC.swift; sourceTree = "<group>"; };
		798D127F271F55ED00AFB649 /* IngredientCell.swift */ = {isa = PBXFileReference; lastKnownFileType = sourcecode.swift; path = IngredientCell.swift; sourceTree = "<group>"; };
		79D53BE4271F2A0D008C5C4F /* FRAlertVC.swift */ = {isa = PBXFileReference; lastKnownFileType = sourcecode.swift; path = FRAlertVC.swift; sourceTree = "<group>"; };
		79D53BE6271F2E75008C5C4F /* AlertTest.swift */ = {isa = PBXFileReference; lastKnownFileType = sourcecode.swift; path = AlertTest.swift; sourceTree = "<group>"; };
		79D53BE8271F3516008C5C4F /* UIViewController + Ext.swift */ = {isa = PBXFileReference; lastKnownFileType = sourcecode.swift; path = "UIViewController + Ext.swift"; sourceTree = "<group>"; };
		79D53BEB271F3A51008C5C4F /* FRActivityIndicatorVC.swift */ = {isa = PBXFileReference; lastKnownFileType = sourcecode.swift; path = FRActivityIndicatorVC.swift; sourceTree = "<group>"; };
		79DFC943271DF79400EA3F0C /* FetchRewardsCodingChallenge.app */ = {isa = PBXFileReference; explicitFileType = wrapper.application; includeInIndex = 0; path = FetchRewardsCodingChallenge.app; sourceTree = BUILT_PRODUCTS_DIR; };
		79DFC946271DF79400EA3F0C /* AppDelegate.swift */ = {isa = PBXFileReference; lastKnownFileType = sourcecode.swift; path = AppDelegate.swift; sourceTree = "<group>"; };
		79DFC948271DF79400EA3F0C /* SceneDelegate.swift */ = {isa = PBXFileReference; lastKnownFileType = sourcecode.swift; path = SceneDelegate.swift; sourceTree = "<group>"; };
		79DFC94F271DF79600EA3F0C /* Assets.xcassets */ = {isa = PBXFileReference; lastKnownFileType = folder.assetcatalog; path = Assets.xcassets; sourceTree = "<group>"; };
		79DFC952271DF79600EA3F0C /* Base */ = {isa = PBXFileReference; lastKnownFileType = file.storyboard; name = Base; path = Base.lproj/LaunchScreen.storyboard; sourceTree = "<group>"; };
		79DFC954271DF79600EA3F0C /* Info.plist */ = {isa = PBXFileReference; lastKnownFileType = text.plist.xml; path = Info.plist; sourceTree = "<group>"; };
		79DFC95F271DFBB000EA3F0C /* FRTabBarController.swift */ = {isa = PBXFileReference; lastKnownFileType = sourcecode.swift; path = FRTabBarController.swift; sourceTree = "<group>"; };
		79DFC962271DFC5F00EA3F0C /* CategoriesListVC.swift */ = {isa = PBXFileReference; lastKnownFileType = sourcecode.swift; path = CategoriesListVC.swift; sourceTree = "<group>"; };
		79DFC964271DFC8800EA3F0C /* FavoritesListVC.swift */ = {isa = PBXFileReference; lastKnownFileType = sourcecode.swift; path = FavoritesListVC.swift; sourceTree = "<group>"; };
		79DFC966271DFE7000EA3F0C /* Category.swift */ = {isa = PBXFileReference; lastKnownFileType = sourcecode.swift; path = Category.swift; sourceTree = "<group>"; };
		79DFC969271E119E00EA3F0C /* NetworkManager.swift */ = {isa = PBXFileReference; lastKnownFileType = sourcecode.swift; path = NetworkManager.swift; sourceTree = "<group>"; };
		79DFC96D271E12F900EA3F0C /* FRTitleLabel.swift */ = {isa = PBXFileReference; lastKnownFileType = sourcecode.swift; path = FRTitleLabel.swift; sourceTree = "<group>"; };
		79DFC970271E13FE00EA3F0C /* FRBodyLabel.swift */ = {isa = PBXFileReference; lastKnownFileType = sourcecode.swift; name = FRBodyLabel.swift; path = ../../../../../../Design/FRBodyLabel.swift; sourceTree = "<group>"; };
		79DFC973271E1E9500EA3F0C /* FRError.swift */ = {isa = PBXFileReference; lastKnownFileType = sourcecode.swift; path = FRError.swift; sourceTree = "<group>"; };
/* End PBXFileReference section */

/* Begin PBXFrameworksBuildPhase section */
		79DFC940271DF79400EA3F0C /* Frameworks */ = {
			isa = PBXFrameworksBuildPhase;
			buildActionMask = 2147483647;
			files = (
			);
			runOnlyForDeploymentPostprocessing = 0;
		};
/* End PBXFrameworksBuildPhase section */

/* Begin PBXGroup section */
		79043C0D271F27BC00A03D99 /* Buttons */ = {
			isa = PBXGroup;
			children = (
				79043C0B271F27B400A03D99 /* FRButton.swift */,
			);
			path = Buttons;
			sourceTree = "<group>";
		};
		79043C0E271F296D00A03D99 /* Alerts */ = {
			isa = PBXGroup;
			children = (
				79D53BE4271F2A0D008C5C4F /* FRAlertVC.swift */,
				79043C0F271F298300A03D99 /* FRAlertContainerView.swift */,
				79D53BE6271F2E75008C5C4F /* AlertTest.swift */,
			);
			path = Alerts;
			sourceTree = "<group>";
		};
		790B1994271E2AF400A42BD0 /* Cells */ = {
			isa = PBXGroup;
			children = (
				790B1992271E2AED00A42BD0 /* CategoryCell.swift */,
				790B19A2271E526600A42BD0 /* MealCell.swift */,
				798D127F271F55ED00AFB649 /* IngredientCell.swift */,
			);
			path = Cells;
			sourceTree = "<group>";
		};
		790B199B271E3A5300A42BD0 /* Image Views */ = {
			isa = PBXGroup;
			children = (
				790B1995271E2CF500A42BD0 /* FRMealImageView.swift */,
			);
			path = "Image Views";
			sourceTree = "<group>";
		};
		79D53BEA271F3A3B008C5C4F /* View Controllers */ = {
			isa = PBXGroup;
			children = (
				79D53BEB271F3A51008C5C4F /* FRActivityIndicatorVC.swift */,
			);
			path = "View Controllers";
			sourceTree = "<group>";
		};
		79DFC93A271DF79400EA3F0C = {
			isa = PBXGroup;
			children = (
				79DFC945271DF79400EA3F0C /* FetchRewardsCodingChallenge */,
				79DFC944271DF79400EA3F0C /* Products */,
			);
			sourceTree = "<group>";
		};
		79DFC944271DF79400EA3F0C /* Products */ = {
			isa = PBXGroup;
			children = (
				79DFC943271DF79400EA3F0C /* FetchRewardsCodingChallenge.app */,
			);
			name = Products;
			sourceTree = "<group>";
		};
		79DFC945271DF79400EA3F0C /* FetchRewardsCodingChallenge */ = {
			isa = PBXGroup;
			children = (
				79DFC968271E119400EA3F0C /* Managers */,
				79DFC961271DFC3B00EA3F0C /* Screens */,
				79DFC95B271DFAA400EA3F0C /* Model */,
				79DFC95C271DFAAA00EA3F0C /* Views */,
				79DFC972271E1E7200EA3F0C /* Helpers and Extensions */,
				79DFC95A271DFA6A00EA3F0C /* Resources */,
			);
			path = FetchRewardsCodingChallenge;
			sourceTree = "<group>";
		};
		79DFC95A271DFA6A00EA3F0C /* Resources */ = {
			isa = PBXGroup;
			children = (
				79DFC946271DF79400EA3F0C /* AppDelegate.swift */,
				79DFC948271DF79400EA3F0C /* SceneDelegate.swift */,
				79DFC94F271DF79600EA3F0C /* Assets.xcassets */,
				79DFC954271DF79600EA3F0C /* Info.plist */,
			);
			path = Resources;
			sourceTree = "<group>";
		};
		79DFC95B271DFAA400EA3F0C /* Model */ = {
			isa = PBXGroup;
			children = (
				79DFC966271DFE7000EA3F0C /* Category.swift */,
				790B199C271E45FA00A42BD0 /* Meal.swift */,
				790B199E271E460200A42BD0 /* Ingredient.swift */,
				790B19A4271E672800A42BD0 /* MealSerializationTest.swift */,
			);
			path = Model;
			sourceTree = "<group>";
		};
		79DFC95C271DFAAA00EA3F0C /* Views */ = {
			isa = PBXGroup;
			children = (
				79D53BEA271F3A3B008C5C4F /* View Controllers */,
				79DFC95E271DFAC100EA3F0C /* Custom Views */,
				79DFC95D271DFAB300EA3F0C /* Storyboard */,
			);
			path = Views;
			sourceTree = "<group>";
		};
		79DFC95D271DFAB300EA3F0C /* Storyboard */ = {
			isa = PBXGroup;
			children = (
				79DFC951271DF79600EA3F0C /* LaunchScreen.storyboard */,
			);
			path = Storyboard;
			sourceTree = "<group>";
		};
		79DFC95E271DFAC100EA3F0C /* Custom Views */ = {
			isa = PBXGroup;
			children = (
				79043C0E271F296D00A03D99 /* Alerts */,
				79043C0D271F27BC00A03D99 /* Buttons */,
				790B199B271E3A5300A42BD0 /* Image Views */,
				790B1994271E2AF400A42BD0 /* Cells */,
				79DFC96C271E12D600EA3F0C /* Labels */,
				79DFC96F271E13B300EA3F0C /* TabBar Controllers */,
			);
			path = "Custom Views";
			sourceTree = "<group>";
		};
		79DFC961271DFC3B00EA3F0C /* Screens */ = {
			isa = PBXGroup;
			children = (
				79DFC962271DFC5F00EA3F0C /* CategoriesListVC.swift */,
				790B19A0271E4A3600A42BD0 /* MealListVC.swift */,
				798D127D271F545900AFB649 /* MealDetailVC.swift */,
				79DFC964271DFC8800EA3F0C /* FavoritesListVC.swift */,
			);
			path = Screens;
			sourceTree = "<group>";
		};
		79DFC968271E119400EA3F0C /* Managers */ = {
			isa = PBXGroup;
			children = (
				79DFC969271E119E00EA3F0C /* NetworkManager.swift */,
			);
			path = Managers;
			sourceTree = "<group>";
		};
		79DFC96C271E12D600EA3F0C /* Labels */ = {
			isa = PBXGroup;
			children = (
				79DFC96D271E12F900EA3F0C /* FRTitleLabel.swift */,
				79DFC970271E13FE00EA3F0C /* FRBodyLabel.swift */,
			);
			path = Labels;
			sourceTree = "<group>";
		};
		79DFC96F271E13B300EA3F0C /* TabBar Controllers */ = {
			isa = PBXGroup;
			children = (
				79DFC95F271DFBB000EA3F0C /* FRTabBarController.swift */,
			);
			path = "TabBar Controllers";
			sourceTree = "<group>";
		};
		79DFC972271E1E7200EA3F0C /* Helpers and Extensions */ = {
			isa = PBXGroup;
			children = (
				79DFC973271E1E9500EA3F0C /* FRError.swift */,
				790B1997271E300200A42BD0 /* UITableView+Ext.swift */,
				790B1999271E39BF00A42BD0 /* UIView+Ext.swift */,
				79D53BE8271F3516008C5C4F /* UIViewController + Ext.swift */,
			);
			path = "Helpers and Extensions";
			sourceTree = "<group>";
		};
/* End PBXGroup section */

/* Begin PBXNativeTarget section */
		79DFC942271DF79400EA3F0C /* FetchRewardsCodingChallenge */ = {
			isa = PBXNativeTarget;
			buildConfigurationList = 79DFC957271DF79600EA3F0C /* Build configuration list for PBXNativeTarget "FetchRewardsCodingChallenge" */;
			buildPhases = (
				79DFC93F271DF79400EA3F0C /* Sources */,
				79DFC940271DF79400EA3F0C /* Frameworks */,
				79DFC941271DF79400EA3F0C /* Resources */,
			);
			buildRules = (
			);
			dependencies = (
			);
			name = FetchRewardsCodingChallenge;
			productName = FetchRewardsCodingChallenge;
			productReference = 79DFC943271DF79400EA3F0C /* FetchRewardsCodingChallenge.app */;
			productType = "com.apple.product-type.application";
		};
/* End PBXNativeTarget section */

/* Begin PBXProject section */
		79DFC93B271DF79400EA3F0C /* Project object */ = {
			isa = PBXProject;
			attributes = {
				BuildIndependentTargetsInParallel = 1;
				LastSwiftUpdateCheck = 1300;
				LastUpgradeCheck = 1300;
				TargetAttributes = {
					79DFC942271DF79400EA3F0C = {
						CreatedOnToolsVersion = 13.0;
					};
				};
			};
			buildConfigurationList = 79DFC93E271DF79400EA3F0C /* Build configuration list for PBXProject "FetchRewardsCodingChallenge" */;
			compatibilityVersion = "Xcode 13.0";
			developmentRegion = en;
			hasScannedForEncodings = 0;
			knownRegions = (
				en,
				Base,
			);
			mainGroup = 79DFC93A271DF79400EA3F0C;
			productRefGroup = 79DFC944271DF79400EA3F0C /* Products */;
			projectDirPath = "";
			projectRoot = "";
			targets = (
				79DFC942271DF79400EA3F0C /* FetchRewardsCodingChallenge */,
			);
		};
/* End PBXProject section */

/* Begin PBXResourcesBuildPhase section */
		79DFC941271DF79400EA3F0C /* Resources */ = {
			isa = PBXResourcesBuildPhase;
			buildActionMask = 2147483647;
			files = (
				790B19A8271E941400A42BD0 /* Assets.xcassets in Resources */,
				79DFC953271DF79600EA3F0C /* LaunchScreen.storyboard in Resources */,
			);
			runOnlyForDeploymentPostprocessing = 0;
		};
/* End PBXResourcesBuildPhase section */

/* Begin PBXSourcesBuildPhase section */
		79DFC93F271DF79400EA3F0C /* Sources */ = {
			isa = PBXSourcesBuildPhase;
			buildActionMask = 2147483647;
			files = (
				798D127E271F545900AFB649 /* MealDetailVC.swift in Sources */,
				79DFC971271E13FE00EA3F0C /* FRBodyLabel.swift in Sources */,
				798D1280271F55ED00AFB649 /* IngredientCell.swift in Sources */,
				79043C0C271F27B400A03D99 /* FRButton.swift in Sources */,
				79DFC963271DFC5F00EA3F0C /* CategoriesListVC.swift in Sources */,
				790B19A5271E672800A42BD0 /* MealSerializationTest.swift in Sources */,
				79DFC947271DF79400EA3F0C /* AppDelegate.swift in Sources */,
				79D53BE5271F2A0D008C5C4F /* FRAlertVC.swift in Sources */,
				79DFC965271DFC8800EA3F0C /* FavoritesListVC.swift in Sources */,
				790B199A271E39C000A42BD0 /* UIView+Ext.swift in Sources */,
				79DFC96A271E119E00EA3F0C /* NetworkManager.swift in Sources */,
				790B1998271E300200A42BD0 /* UITableView+Ext.swift in Sources */,
				79DFC967271DFE7000EA3F0C /* Category.swift in Sources */,
				790B199F271E460200A42BD0 /* Ingredient.swift in Sources */,
				790B19A1271E4A3600A42BD0 /* MealListVC.swift in Sources */,
				79D53BE7271F2E75008C5C4F /* AlertTest.swift in Sources */,
				79DFC949271DF79400EA3F0C /* SceneDelegate.swift in Sources */,
				79DFC960271DFBB000EA3F0C /* FRTabBarController.swift in Sources */,
				79D53BE9271F3516008C5C4F /* UIViewController + Ext.swift in Sources */,
				790B19A3271E526600A42BD0 /* MealCell.swift in Sources */,
				79D53BEC271F3A51008C5C4F /* FRActivityIndicatorVC.swift in Sources */,
				790B199D271E45FA00A42BD0 /* Meal.swift in Sources */,
				79DFC974271E1E9500EA3F0C /* FRError.swift in Sources */,
				790B1996271E2CF500A42BD0 /* FRMealImageView.swift in Sources */,
				79DFC96E271E12F900EA3F0C /* FRTitleLabel.swift in Sources */,
				79043C10271F298300A03D99 /* FRAlertContainerView.swift in Sources */,
				790B1993271E2AED00A42BD0 /* CategoryCell.swift in Sources */,
			);
			runOnlyForDeploymentPostprocessing = 0;
		};
/* End PBXSourcesBuildPhase section */

/* Begin PBXVariantGroup section */
		79DFC951271DF79600EA3F0C /* LaunchScreen.storyboard */ = {
			isa = PBXVariantGroup;
			children = (
				79DFC952271DF79600EA3F0C /* Base */,
			);
			name = LaunchScreen.storyboard;
			sourceTree = "<group>";
		};
/* End PBXVariantGroup section */

/* Begin XCBuildConfiguration section */
		79DFC955271DF79600EA3F0C /* Debug */ = {
			isa = XCBuildConfiguration;
			buildSettings = {
				ALWAYS_SEARCH_USER_PATHS = NO;
				CLANG_ANALYZER_NONNULL = YES;
				CLANG_ANALYZER_NUMBER_OBJECT_CONVERSION = YES_AGGRESSIVE;
				CLANG_CXX_LANGUAGE_STANDARD = "gnu++17";
				CLANG_CXX_LIBRARY = "libc++";
				CLANG_ENABLE_MODULES = YES;
				CLANG_ENABLE_OBJC_ARC = YES;
				CLANG_ENABLE_OBJC_WEAK = YES;
				CLANG_WARN_BLOCK_CAPTURE_AUTORELEASING = YES;
				CLANG_WARN_BOOL_CONVERSION = YES;
				CLANG_WARN_COMMA = YES;
				CLANG_WARN_CONSTANT_CONVERSION = YES;
				CLANG_WARN_DEPRECATED_OBJC_IMPLEMENTATIONS = YES;
				CLANG_WARN_DIRECT_OBJC_ISA_USAGE = YES_ERROR;
				CLANG_WARN_DOCUMENTATION_COMMENTS = YES;
				CLANG_WARN_EMPTY_BODY = YES;
				CLANG_WARN_ENUM_CONVERSION = YES;
				CLANG_WARN_INFINITE_RECURSION = YES;
				CLANG_WARN_INT_CONVERSION = YES;
				CLANG_WARN_NON_LITERAL_NULL_CONVERSION = YES;
				CLANG_WARN_OBJC_IMPLICIT_RETAIN_SELF = YES;
				CLANG_WARN_OBJC_LITERAL_CONVERSION = YES;
				CLANG_WARN_OBJC_ROOT_CLASS = YES_ERROR;
				CLANG_WARN_QUOTED_INCLUDE_IN_FRAMEWORK_HEADER = YES;
				CLANG_WARN_RANGE_LOOP_ANALYSIS = YES;
				CLANG_WARN_STRICT_PROTOTYPES = YES;
				CLANG_WARN_SUSPICIOUS_MOVE = YES;
				CLANG_WARN_UNGUARDED_AVAILABILITY = YES_AGGRESSIVE;
				CLANG_WARN_UNREACHABLE_CODE = YES;
				CLANG_WARN__DUPLICATE_METHOD_MATCH = YES;
				COPY_PHASE_STRIP = NO;
				DEBUG_INFORMATION_FORMAT = dwarf;
				ENABLE_STRICT_OBJC_MSGSEND = YES;
				ENABLE_TESTABILITY = YES;
				GCC_C_LANGUAGE_STANDARD = gnu11;
				GCC_DYNAMIC_NO_PIC = NO;
				GCC_NO_COMMON_BLOCKS = YES;
				GCC_OPTIMIZATION_LEVEL = 0;
				GCC_PREPROCESSOR_DEFINITIONS = (
					"DEBUG=1",
					"$(inherited)",
				);
				GCC_WARN_64_TO_32_BIT_CONVERSION = YES;
				GCC_WARN_ABOUT_RETURN_TYPE = YES_ERROR;
				GCC_WARN_UNDECLARED_SELECTOR = YES;
				GCC_WARN_UNINITIALIZED_AUTOS = YES_AGGRESSIVE;
				GCC_WARN_UNUSED_FUNCTION = YES;
				GCC_WARN_UNUSED_VARIABLE = YES;
				IPHONEOS_DEPLOYMENT_TARGET = 15.0;
				MTL_ENABLE_DEBUG_INFO = INCLUDE_SOURCE;
				MTL_FAST_MATH = YES;
				ONLY_ACTIVE_ARCH = YES;
				SDKROOT = iphoneos;
				SWIFT_ACTIVE_COMPILATION_CONDITIONS = DEBUG;
				SWIFT_OPTIMIZATION_LEVEL = "-Onone";
			};
			name = Debug;
		};
		79DFC956271DF79600EA3F0C /* Release */ = {
			isa = XCBuildConfiguration;
			buildSettings = {
				ALWAYS_SEARCH_USER_PATHS = NO;
				CLANG_ANALYZER_NONNULL = YES;
				CLANG_ANALYZER_NUMBER_OBJECT_CONVERSION = YES_AGGRESSIVE;
				CLANG_CXX_LANGUAGE_STANDARD = "gnu++17";
				CLANG_CXX_LIBRARY = "libc++";
				CLANG_ENABLE_MODULES = YES;
				CLANG_ENABLE_OBJC_ARC = YES;
				CLANG_ENABLE_OBJC_WEAK = YES;
				CLANG_WARN_BLOCK_CAPTURE_AUTORELEASING = YES;
				CLANG_WARN_BOOL_CONVERSION = YES;
				CLANG_WARN_COMMA = YES;
				CLANG_WARN_CONSTANT_CONVERSION = YES;
				CLANG_WARN_DEPRECATED_OBJC_IMPLEMENTATIONS = YES;
				CLANG_WARN_DIRECT_OBJC_ISA_USAGE = YES_ERROR;
				CLANG_WARN_DOCUMENTATION_COMMENTS = YES;
				CLANG_WARN_EMPTY_BODY = YES;
				CLANG_WARN_ENUM_CONVERSION = YES;
				CLANG_WARN_INFINITE_RECURSION = YES;
				CLANG_WARN_INT_CONVERSION = YES;
				CLANG_WARN_NON_LITERAL_NULL_CONVERSION = YES;
				CLANG_WARN_OBJC_IMPLICIT_RETAIN_SELF = YES;
				CLANG_WARN_OBJC_LITERAL_CONVERSION = YES;
				CLANG_WARN_OBJC_ROOT_CLASS = YES_ERROR;
				CLANG_WARN_QUOTED_INCLUDE_IN_FRAMEWORK_HEADER = YES;
				CLANG_WARN_RANGE_LOOP_ANALYSIS = YES;
				CLANG_WARN_STRICT_PROTOTYPES = YES;
				CLANG_WARN_SUSPICIOUS_MOVE = YES;
				CLANG_WARN_UNGUARDED_AVAILABILITY = YES_AGGRESSIVE;
				CLANG_WARN_UNREACHABLE_CODE = YES;
				CLANG_WARN__DUPLICATE_METHOD_MATCH = YES;
				COPY_PHASE_STRIP = NO;
				DEBUG_INFORMATION_FORMAT = "dwarf-with-dsym";
				ENABLE_NS_ASSERTIONS = NO;
				ENABLE_STRICT_OBJC_MSGSEND = YES;
				GCC_C_LANGUAGE_STANDARD = gnu11;
				GCC_NO_COMMON_BLOCKS = YES;
				GCC_WARN_64_TO_32_BIT_CONVERSION = YES;
				GCC_WARN_ABOUT_RETURN_TYPE = YES_ERROR;
				GCC_WARN_UNDECLARED_SELECTOR = YES;
				GCC_WARN_UNINITIALIZED_AUTOS = YES_AGGRESSIVE;
				GCC_WARN_UNUSED_FUNCTION = YES;
				GCC_WARN_UNUSED_VARIABLE = YES;
				IPHONEOS_DEPLOYMENT_TARGET = 15.0;
				MTL_ENABLE_DEBUG_INFO = NO;
				MTL_FAST_MATH = YES;
				SDKROOT = iphoneos;
				SWIFT_COMPILATION_MODE = wholemodule;
				SWIFT_OPTIMIZATION_LEVEL = "-O";
				VALIDATE_PRODUCT = YES;
			};
			name = Release;
		};
		79DFC958271DF79600EA3F0C /* Debug */ = {
			isa = XCBuildConfiguration;
			buildSettings = {
				ASSETCATALOG_COMPILER_APPICON_NAME = AppIcon;
				ASSETCATALOG_COMPILER_GLOBAL_ACCENT_COLOR_NAME = AccentColor;
				ASSETCATALOG_COMPILER_INCLUDE_ALL_APPICON_ASSETS = YES;
				CODE_SIGN_STYLE = Automatic;
				CURRENT_PROJECT_VERSION = 1;
				DEVELOPMENT_TEAM = 7VVA7JF63G;
				GENERATE_INFOPLIST_FILE = YES;
				INFOPLIST_FILE = FetchRewardsCodingChallenge/Resources/Info.plist;
				INFOPLIST_KEY_UIApplicationSupportsIndirectInputEvents = YES;
				INFOPLIST_KEY_UILaunchStoryboardName = LaunchScreen;
				INFOPLIST_KEY_UISupportedInterfaceOrientations_iPad = "UIInterfaceOrientationPortrait UIInterfaceOrientationPortraitUpsideDown UIInterfaceOrientationLandscapeLeft UIInterfaceOrientationLandscapeRight";
				INFOPLIST_KEY_UISupportedInterfaceOrientations_iPhone = "UIInterfaceOrientationPortrait UIInterfaceOrientationLandscapeLeft UIInterfaceOrientationLandscapeRight";
				LD_RUNPATH_SEARCH_PATHS = (
					"$(inherited)",
					"@executable_path/Frameworks",
				);
				MARKETING_VERSION = 1.0;
				PRODUCT_BUNDLE_IDENTIFIER = com.RiverMccaine.FetchRewardsCodingChallenge;
				PRODUCT_NAME = "$(TARGET_NAME)";
				SWIFT_EMIT_LOC_STRINGS = YES;
				SWIFT_VERSION = 5.0;
				TARGETED_DEVICE_FAMILY = 1;
			};
			name = Debug;
		};
		79DFC959271DF79600EA3F0C /* Release */ = {
			isa = XCBuildConfiguration;
			buildSettings = {
				ASSETCATALOG_COMPILER_APPICON_NAME = AppIcon;
				ASSETCATALOG_COMPILER_GLOBAL_ACCENT_COLOR_NAME = AccentColor;
				ASSETCATALOG_COMPILER_INCLUDE_ALL_APPICON_ASSETS = YES;
				CODE_SIGN_STYLE = Automatic;
				CURRENT_PROJECT_VERSION = 1;
				DEVELOPMENT_TEAM = 7VVA7JF63G;
				GENERATE_INFOPLIST_FILE = YES;
				INFOPLIST_FILE = FetchRewardsCodingChallenge/Resources/Info.plist;
				INFOPLIST_KEY_UIApplicationSupportsIndirectInputEvents = YES;
				INFOPLIST_KEY_UILaunchStoryboardName = LaunchScreen;
				INFOPLIST_KEY_UISupportedInterfaceOrientations_iPad = "UIInterfaceOrientationPortrait UIInterfaceOrientationPortraitUpsideDown UIInterfaceOrientationLandscapeLeft UIInterfaceOrientationLandscapeRight";
				INFOPLIST_KEY_UISupportedInterfaceOrientations_iPhone = "UIInterfaceOrientationPortrait UIInterfaceOrientationLandscapeLeft UIInterfaceOrientationLandscapeRight";
				LD_RUNPATH_SEARCH_PATHS = (
					"$(inherited)",
					"@executable_path/Frameworks",
				);
				MARKETING_VERSION = 1.0;
				PRODUCT_BUNDLE_IDENTIFIER = com.RiverMccaine.FetchRewardsCodingChallenge;
				PRODUCT_NAME = "$(TARGET_NAME)";
				SWIFT_EMIT_LOC_STRINGS = YES;
				SWIFT_VERSION = 5.0;
				TARGETED_DEVICE_FAMILY = 1;
			};
			name = Release;
		};
/* End XCBuildConfiguration section */

/* Begin XCConfigurationList section */
		79DFC93E271DF79400EA3F0C /* Build configuration list for PBXProject "FetchRewardsCodingChallenge" */ = {
			isa = XCConfigurationList;
			buildConfigurations = (
				79DFC955271DF79600EA3F0C /* Debug */,
				79DFC956271DF79600EA3F0C /* Release */,
			);
			defaultConfigurationIsVisible = 0;
			defaultConfigurationName = Release;
		};
		79DFC957271DF79600EA3F0C /* Build configuration list for PBXNativeTarget "FetchRewardsCodingChallenge" */ = {
			isa = XCConfigurationList;
			buildConfigurations = (
				79DFC958271DF79600EA3F0C /* Debug */,
				79DFC959271DF79600EA3F0C /* Release */,
			);
			defaultConfigurationIsVisible = 0;
			defaultConfigurationName = Release;
		};
/* End XCConfigurationList section */
	};
	rootObject = 79DFC93B271DF79400EA3F0C /* Project object */;
}
